// !$*UTF8*$!
{
	archiveVersion = 1;
	classes = {
	};
	objectVersion = 46;
	objects = {

/* Begin PBXBuildFile section */
		A00E59C81EADF71B0033BC9C /* AppDelegate.swift in Sources */ = {isa = PBXBuildFile; fileRef = A00E59C71EADF71B0033BC9C /* AppDelegate.swift */; };
		A00E59CA1EADF71B0033BC9C /* ViewController.swift in Sources */ = {isa = PBXBuildFile; fileRef = A00E59C91EADF71B0033BC9C /* ViewController.swift */; };
		A00E59CD1EADF71B0033BC9C /* Main.storyboard in Resources */ = {isa = PBXBuildFile; fileRef = A00E59CB1EADF71B0033BC9C /* Main.storyboard */; };
		A00E59CF1EADF71B0033BC9C /* Assets.xcassets in Resources */ = {isa = PBXBuildFile; fileRef = A00E59CE1EADF71B0033BC9C /* Assets.xcassets */; };
		A00E59D21EADF71B0033BC9C /* LaunchScreen.storyboard in Resources */ = {isa = PBXBuildFile; fileRef = A00E59D01EADF71B0033BC9C /* LaunchScreen.storyboard */; };
		A00E59DD1EADF71B0033BC9C /* XianYuTabBar_SwiftTests.swift in Sources */ = {isa = PBXBuildFile; fileRef = A00E59DC1EADF71B0033BC9C /* XianYuTabBar_SwiftTests.swift */; };
		A00E59E81EADF71B0033BC9C /* XianYuTabBar_SwiftUITests.swift in Sources */ = {isa = PBXBuildFile; fileRef = A00E59E71EADF71B0033BC9C /* XianYuTabBar_SwiftUITests.swift */; };
		A00E59F61EADF7420033BC9C /* XianYuView.swift in Sources */ = {isa = PBXBuildFile; fileRef = A00E59F51EADF7420033BC9C /* XianYuView.swift */; };
/* End PBXBuildFile section */

/* Begin PBXContainerItemProxy section */
		A00E59D91EADF71B0033BC9C /* PBXContainerItemProxy */ = {
			isa = PBXContainerItemProxy;
			containerPortal = A00E59BC1EADF71B0033BC9C /* Project object */;
			proxyType = 1;
			remoteGlobalIDString = A00E59C31EADF71B0033BC9C;
			remoteInfo = XianYuTabBar_Swift;
		};
		A00E59E41EADF71B0033BC9C /* PBXContainerItemProxy */ = {
			isa = PBXContainerItemProxy;
			containerPortal = A00E59BC1EADF71B0033BC9C /* Project object */;
			proxyType = 1;
			remoteGlobalIDString = A00E59C31EADF71B0033BC9C;
			remoteInfo = XianYuTabBar_Swift;
		};
/* End PBXContainerItemProxy section */

/* Begin PBXFileReference section */
		A00E59C41EADF71B0033BC9C /* XianYuTabBar_Swift.app */ = {isa = PBXFileReference; explicitFileType = wrapper.application; includeInIndex = 0; path = XianYuTabBar_Swift.app; sourceTree = BUILT_PRODUCTS_DIR; };
		A00E59C71EADF71B0033BC9C /* AppDelegate.swift */ = {isa = PBXFileReference; lastKnownFileType = sourcecode.swift; path = AppDelegate.swift; sourceTree = "<group>"; };
		A00E59C91EADF71B0033BC9C /* ViewController.swift */ = {isa = PBXFileReference; lastKnownFileType = sourcecode.swift; path = ViewController.swift; sourceTree = "<group>"; };
		A00E59CC1EADF71B0033BC9C /* Base */ = {isa = PBXFileReference; lastKnownFileType = file.storyboard; name = Base; path = Base.lproj/Main.storyboard; sourceTree = "<group>"; };
		A00E59CE1EADF71B0033BC9C /* Assets.xcassets */ = {isa = PBXFileReference; lastKnownFileType = folder.assetcatalog; path = Assets.xcassets; sourceTree = "<group>"; };
		A00E59D11EADF71B0033BC9C /* Base */ = {isa = PBXFileReference; lastKnownFileType = file.storyboard; name = Base; path = Base.lproj/LaunchScreen.storyboard; sourceTree = "<group>"; };
		A00E59D31EADF71B0033BC9C /* Info.plist */ = {isa = PBXFileReference; lastKnownFileType = text.plist.xml; path = Info.plist; sourceTree = "<group>"; };
		A00E59D81EADF71B0033BC9C /* XianYuTabBar_SwiftTests.xctest */ = {isa = PBXFileReference; explicitFileType = wrapper.cfbundle; includeInIndex = 0; path = XianYuTabBar_SwiftTests.xctest; sourceTree = BUILT_PRODUCTS_DIR; };
		A00E59DC1EADF71B0033BC9C /* XianYuTabBar_SwiftTests.swift */ = {isa = PBXFileReference; lastKnownFileType = sourcecode.swift; path = XianYuTabBar_SwiftTests.swift; sourceTree = "<group>"; };
		A00E59DE1EADF71B0033BC9C /* Info.plist */ = {isa = PBXFileReference; lastKnownFileType = text.plist.xml; path = Info.plist; sourceTree = "<group>"; };
		A00E59E31EADF71B0033BC9C /* XianYuTabBar_SwiftUITests.xctest */ = {isa = PBXFileReference; explicitFileType = wrapper.cfbundle; includeInIndex = 0; path = XianYuTabBar_SwiftUITests.xctest; sourceTree = BUILT_PRODUCTS_DIR; };
		A00E59E71EADF71B0033BC9C /* XianYuTabBar_SwiftUITests.swift */ = {isa = PBXFileReference; lastKnownFileType = sourcecode.swift; path = XianYuTabBar_SwiftUITests.swift; sourceTree = "<group>"; };
		A00E59E91EADF71B0033BC9C /* Info.plist */ = {isa = PBXFileReference; lastKnownFileType = text.plist.xml; path = Info.plist; sourceTree = "<group>"; };
		A00E59F51EADF7420033BC9C /* XianYuView.swift */ = {isa = PBXFileReference; fileEncoding = 4; lastKnownFileType = sourcecode.swift; path = XianYuView.swift; sourceTree = "<group>"; };
/* End PBXFileReference section */

/* Begin PBXFrameworksBuildPhase section */
		A00E59C11EADF71B0033BC9C /* Frameworks */ = {
			isa = PBXFrameworksBuildPhase;
			buildActionMask = 2147483647;
			files = (
			);
			runOnlyForDeploymentPostprocessing = 0;
		};
		A00E59D51EADF71B0033BC9C /* Frameworks */ = {
			isa = PBXFrameworksBuildPhase;
			buildActionMask = 2147483647;
			files = (
			);
			runOnlyForDeploymentPostprocessing = 0;
		};
		A00E59E01EADF71B0033BC9C /* Frameworks */ = {
			isa = PBXFrameworksBuildPhase;
			buildActionMask = 2147483647;
			files = (
			);
			runOnlyForDeploymentPostprocessing = 0;
		};
/* End PBXFrameworksBuildPhase section */

/* Begin PBXGroup section */
		A00E59BB1EADF71B0033BC9C = {
			isa = PBXGroup;
			children = (
				A00E59C61EADF71B0033BC9C /* XianYuTabBar_Swift */,
				A00E59DB1EADF71B0033BC9C /* XianYuTabBar_SwiftTests */,
				A00E59E61EADF71B0033BC9C /* XianYuTabBar_SwiftUITests */,
				A00E59C51EADF71B0033BC9C /* Products */,
			);
			sourceTree = "<group>";
		};
		A00E59C51EADF71B0033BC9C /* Products */ = {
			isa = PBXGroup;
			children = (
				A00E59C41EADF71B0033BC9C /* XianYuTabBar_Swift.app */,
				A00E59D81EADF71B0033BC9C /* XianYuTabBar_SwiftTests.xctest */,
				A00E59E31EADF71B0033BC9C /* XianYuTabBar_SwiftUITests.xctest */,
			);
			name = Products;
			sourceTree = "<group>";
		};
		A00E59C61EADF71B0033BC9C /* XianYuTabBar_Swift */ = {
			isa = PBXGroup;
			children = (
				A00E59C71EADF71B0033BC9C /* AppDelegate.swift */,
				A00E59F51EADF7420033BC9C /* XianYuView.swift */,
				A00E59C91EADF71B0033BC9C /* ViewController.swift */,
				A00E59CB1EADF71B0033BC9C /* Main.storyboard */,
				A00E59CE1EADF71B0033BC9C /* Assets.xcassets */,
				A00E59D01EADF71B0033BC9C /* LaunchScreen.storyboard */,
				A00E59D31EADF71B0033BC9C /* Info.plist */,
			);
			path = XianYuTabBar_Swift;
			sourceTree = "<group>";
		};
		A00E59DB1EADF71B0033BC9C /* XianYuTabBar_SwiftTests */ = {
			isa = PBXGroup;
			children = (
				A00E59DC1EADF71B0033BC9C /* XianYuTabBar_SwiftTests.swift */,
				A00E59DE1EADF71B0033BC9C /* Info.plist */,
			);
			path = XianYuTabBar_SwiftTests;
			sourceTree = "<group>";
		};
		A00E59E61EADF71B0033BC9C /* XianYuTabBar_SwiftUITests */ = {
			isa = PBXGroup;
			children = (
				A00E59E71EADF71B0033BC9C /* XianYuTabBar_SwiftUITests.swift */,
				A00E59E91EADF71B0033BC9C /* Info.plist */,
			);
			path = XianYuTabBar_SwiftUITests;
			sourceTree = "<group>";
		};
/* End PBXGroup section */

/* Begin PBXNativeTarget section */
		A00E59C31EADF71B0033BC9C /* XianYuTabBar_Swift */ = {
			isa = PBXNativeTarget;
			buildConfigurationList = A00E59EC1EADF71B0033BC9C /* Build configuration list for PBXNativeTarget "XianYuTabBar_Swift" */;
			buildPhases = (
				A00E59C01EADF71B0033BC9C /* Sources */,
				A00E59C11EADF71B0033BC9C /* Frameworks */,
				A00E59C21EADF71B0033BC9C /* Resources */,
			);
			buildRules = (
			);
			dependencies = (
			);
			name = XianYuTabBar_Swift;
			productName = XianYuTabBar_Swift;
			productReference = A00E59C41EADF71B0033BC9C /* XianYuTabBar_Swift.app */;
			productType = "com.apple.product-type.application";
		};
		A00E59D71EADF71B0033BC9C /* XianYuTabBar_SwiftTests */ = {
			isa = PBXNativeTarget;
			buildConfigurationList = A00E59EF1EADF71B0033BC9C /* Build configuration list for PBXNativeTarget "XianYuTabBar_SwiftTests" */;
			buildPhases = (
				A00E59D41EADF71B0033BC9C /* Sources */,
				A00E59D51EADF71B0033BC9C /* Frameworks */,
				A00E59D61EADF71B0033BC9C /* Resources */,
			);
			buildRules = (
			);
			dependencies = (
				A00E59DA1EADF71B0033BC9C /* PBXTargetDependency */,
			);
			name = XianYuTabBar_SwiftTests;
			productName = XianYuTabBar_SwiftTests;
			productReference = A00E59D81EADF71B0033BC9C /* XianYuTabBar_SwiftTests.xctest */;
			productType = "com.apple.product-type.bundle.unit-test";
		};
		A00E59E21EADF71B0033BC9C /* XianYuTabBar_SwiftUITests */ = {
			isa = PBXNativeTarget;
			buildConfigurationList = A00E59F21EADF71B0033BC9C /* Build configuration list for PBXNativeTarget "XianYuTabBar_SwiftUITests" */;
			buildPhases = (
				A00E59DF1EADF71B0033BC9C /* Sources */,
				A00E59E01EADF71B0033BC9C /* Frameworks */,
				A00E59E11EADF71B0033BC9C /* Resources */,
			);
			buildRules = (
			);
			dependencies = (
				A00E59E51EADF71B0033BC9C /* PBXTargetDependency */,
			);
			name = XianYuTabBar_SwiftUITests;
			productName = XianYuTabBar_SwiftUITests;
			productReference = A00E59E31EADF71B0033BC9C /* XianYuTabBar_SwiftUITests.xctest */;
			productType = "com.apple.product-type.bundle.ui-testing";
		};
/* End PBXNativeTarget section */

/* Begin PBXProject section */
		A00E59BC1EADF71B0033BC9C /* Project object */ = {
			isa = PBXProject;
			attributes = {
				LastSwiftUpdateCheck = 0820;
				LastUpgradeCheck = 0820;
				ORGANIZATIONNAME = "Tech-zhangyangyang";
				TargetAttributes = {
					A00E59C31EADF71B0033BC9C = {
						CreatedOnToolsVersion = 8.2.1;
						ProvisioningStyle = Automatic;
					};
					A00E59D71EADF71B0033BC9C = {
						CreatedOnToolsVersion = 8.2.1;
						ProvisioningStyle = Automatic;
						TestTargetID = A00E59C31EADF71B0033BC9C;
					};
					A00E59E21EADF71B0033BC9C = {
						CreatedOnToolsVersion = 8.2.1;
						ProvisioningStyle = Automatic;
						TestTargetID = A00E59C31EADF71B0033BC9C;
					};
				};
			};
			buildConfigurationList = A00E59BF1EADF71B0033BC9C /* Build configuration list for PBXProject "XianYuTabBar_Swift" */;
			compatibilityVersion = "Xcode 3.2";
			developmentRegion = English;
			hasScannedForEncodings = 0;
			knownRegions = (
				en,
				Base,
			);
			mainGroup = A00E59BB1EADF71B0033BC9C;
			productRefGroup = A00E59C51EADF71B0033BC9C /* Products */;
			projectDirPath = "";
			projectRoot = "";
			targets = (
				A00E59C31EADF71B0033BC9C /* XianYuTabBar_Swift */,
				A00E59D71EADF71B0033BC9C /* XianYuTabBar_SwiftTests */,
				A00E59E21EADF71B0033BC9C /* XianYuTabBar_SwiftUITests */,
			);
		};
/* End PBXProject section */

/* Begin PBXResourcesBuildPhase section */
		A00E59C21EADF71B0033BC9C /* Resources */ = {
			isa = PBXResourcesBuildPhase;
			buildActionMask = 2147483647;
			files = (
				A00E59D21EADF71B0033BC9C /* LaunchScreen.storyboard in Resources */,
				A00E59CF1EADF71B0033BC9C /* Assets.xcassets in Resources */,
				A00E59CD1EADF71B0033BC9C /* Main.storyboard in Resources */,
			);
			runOnlyForDeploymentPostprocessing = 0;
		};
		A00E59D61EADF71B0033BC9C /* Resources */ = {
			isa = PBXResourcesBuildPhase;
			buildActionMask = 2147483647;
			files = (
			);
			runOnlyForDeploymentPostprocessing = 0;
		};
		A00E59E11EADF71B0033BC9C /* Resources */ = {
			isa = PBXResourcesBuildPhase;
			buildActionMask = 2147483647;
			files = (
			);
			runOnlyForDeploymentPostprocessing = 0;
		};
/* End PBXResourcesBuildPhase section */

/* Begin PBXSourcesBuildPhase section */
		A00E59C01EADF71B0033BC9C /* Sources */ = {
			isa = PBXSourcesBuildPhase;
			buildActionMask = 2147483647;
			files = (
				A00E59CA1EADF71B0033BC9C /* ViewController.swift in Sources */,
				A00E59F61EADF7420033BC9C /* XianYuView.swift in Sources */,
				A00E59C81EADF71B0033BC9C /* AppDelegate.swift in Sources */,
			);
			runOnlyForDeploymentPostprocessing = 0;
		};
		A00E59D41EADF71B0033BC9C /* Sources */ = {
			isa = PBXSourcesBuildPhase;
			buildActionMask = 2147483647;
			files = (
				A00E59DD1EADF71B0033BC9C /* XianYuTabBar_SwiftTests.swift in Sources */,
			);
			runOnlyForDeploymentPostprocessing = 0;
		};
		A00E59DF1EADF71B0033BC9C /* Sources */ = {
			isa = PBXSourcesBuildPhase;
			buildActionMask = 2147483647;
			files = (
				A00E59E81EADF71B0033BC9C /* XianYuTabBar_SwiftUITests.swift in Sources */,
			);
			runOnlyForDeploymentPostprocessing = 0;
		};
/* End PBXSourcesBuildPhase section */

/* Begin PBXTargetDependency section */
		A00E59DA1EADF71B0033BC9C /* PBXTargetDependency */ = {
			isa = PBXTargetDependency;
			target = A00E59C31EADF71B0033BC9C /* XianYuTabBar_Swift */;
			targetProxy = A00E59D91EADF71B0033BC9C /* PBXContainerItemProxy */;
		};
		A00E59E51EADF71B0033BC9C /* PBXTargetDependency */ = {
			isa = PBXTargetDependency;
			target = A00E59C31EADF71B0033BC9C /* XianYuTabBar_Swift */;
			targetProxy = A00E59E41EADF71B0033BC9C /* PBXContainerItemProxy */;
		};
/* End PBXTargetDependency section */

/* Begin PBXVariantGroup section */
		A00E59CB1EADF71B0033BC9C /* Main.storyboard */ = {
			isa = PBXVariantGroup;
			children = (
				A00E59CC1EADF71B0033BC9C /* Base */,
			);
			name = Main.storyboard;
			sourceTree = "<group>";
		};
		A00E59D01EADF71B0033BC9C /* LaunchScreen.storyboard */ = {
			isa = PBXVariantGroup;
			children = (
				A00E59D11EADF71B0033BC9C /* Base */,
			);
			name = LaunchScreen.storyboard;
			sourceTree = "<group>";
		};
/* End PBXVariantGroup section */

/* Begin XCBuildConfiguration section */
		A00E59EA1EADF71B0033BC9C /* Debug */ = {
			isa = XCBuildConfiguration;
			buildSettings = {
				ALWAYS_SEARCH_USER_PATHS = NO;
				CLANG_ANALYZER_NONNULL = YES;
				CLANG_CXX_LANGUAGE_STANDARD = "gnu++0x";
				CLANG_CXX_LIBRARY = "libc++";
				CLANG_ENABLE_MODULES = YES;
				CLANG_ENABLE_OBJC_ARC = YES;
				CLANG_WARN_BOOL_CONVERSION = YES;
				CLANG_WARN_CONSTANT_CONVERSION = YES;
				CLANG_WARN_DIRECT_OBJC_ISA_USAGE = YES_ERROR;
				CLANG_WARN_DOCUMENTATION_COMMENTS = YES;
				CLANG_WARN_EMPTY_BODY = YES;
				CLANG_WARN_ENUM_CONVERSION = YES;
				CLANG_WARN_INFINITE_RECURSION = YES;
				CLANG_WARN_INT_CONVERSION = YES;
				CLANG_WARN_OBJC_ROOT_CLASS = YES_ERROR;
				CLANG_WARN_SUSPICIOUS_MOVE = YES;
				CLANG_WARN_UNREACHABLE_CODE = YES;
				CLANG_WARN__DUPLICATE_METHOD_MATCH = YES;
				"CODE_SIGN_IDENTITY[sdk=iphoneos*]" = "iPhone Developer";
				COPY_PHASE_STRIP = NO;
				DEBUG_INFORMATION_FORMAT = dwarf;
				ENABLE_STRICT_OBJC_MSGSEND = YES;
				ENABLE_TESTABILITY = YES;
				GCC_C_LANGUAGE_STANDARD = gnu99;
				GCC_DYNAMIC_NO_PIC = NO;
				GCC_NO_COMMON_BLOCKS = YES;
				GCC_OPTIMIZATION_LEVEL = 0;
				GCC_PREPROCESSOR_DEFINITIONS = (
					"DEBUG=1",
					"$(inherited)",
				);
				GCC_WARN_64_TO_32_BIT_CONVERSION = YES;
				GCC_WARN_ABOUT_RETURN_TYPE = YES_ERROR;
				GCC_WARN_UNDECLARED_SELECTOR = YES;
				GCC_WARN_UNINITIALIZED_AUTOS = YES_AGGRESSIVE;
				GCC_WARN_UNUSED_FUNCTION = YES;
				GCC_WARN_UNUSED_VARIABLE = YES;
				IPHONEOS_DEPLOYMENT_TARGET = 10.2;
				MTL_ENABLE_DEBUG_INFO = YES;
				ONLY_ACTIVE_ARCH = YES;
				SDKROOT = iphoneos;
				SWIFT_ACTIVE_COMPILATION_CONDITIONS = DEBUG;
				SWIFT_OPTIMIZATION_LEVEL = "-Onone";
				TARGETED_DEVICE_FAMILY = "1,2";
			};
			name = Debug;
		};
		A00E59EB1EADF71B0033BC9C /* Release */ = {
			isa = XCBuildConfiguration;
			buildSettings = {
				ALWAYS_SEARCH_USER_PATHS = NO;
				CLANG_ANALYZER_NONNULL = YES;
				CLANG_CXX_LANGUAGE_STANDARD = "gnu++0x";
				CLANG_CXX_LIBRARY = "libc++";
				CLANG_ENABLE_MODULES = YES;
				CLANG_ENABLE_OBJC_ARC = YES;
				CLANG_WARN_BOOL_CONVERSION = YES;
				CLANG_WARN_CONSTANT_CONVERSION = YES;
				CLANG_WARN_DIRECT_OBJC_ISA_USAGE = YES_ERROR;
				CLANG_WARN_DOCUMENTATION_COMMENTS = YES;
				CLANG_WARN_EMPTY_BODY = YES;
				CLANG_WARN_ENUM_CONVERSION = YES;
				CLANG_WARN_INFINITE_RECURSION = YES;
				CLANG_WARN_INT_CONVERSION = YES;
				CLANG_WARN_OBJC_ROOT_CLASS = YES_ERROR;
				CLANG_WARN_SUSPICIOUS_MOVE = YES;
				CLANG_WARN_UNREACHABLE_CODE = YES;
				CLANG_WARN__DUPLICATE_METHOD_MATCH = YES;
				"CODE_SIGN_IDENTITY[sdk=iphoneos*]" = "iPhone Developer";
				COPY_PHASE_STRIP = NO;
				DEBUG_INFORMATION_FORMAT = "dwarf-with-dsym";
				ENABLE_NS_ASSERTIONS = NO;
				ENABLE_STRICT_OBJC_MSGSEND = YES;
				GCC_C_LANGUAGE_STANDARD = gnu99;
				GCC_NO_COMMON_BLOCKS = YES;
				GCC_WARN_64_TO_32_BIT_CONVERSION = YES;
				GCC_WARN_ABOUT_RETURN_TYPE = YES_ERROR;
				GCC_WARN_UNDECLARED_SELECTOR = YES;
				GCC_WARN_UNINITIALIZED_AUTOS = YES_AGGRESSIVE;
				GCC_WARN_UNUSED_FUNCTION = YES;
				GCC_WARN_UNUSED_VARIABLE = YES;
				IPHONEOS_DEPLOYMENT_TARGET = 10.2;
				MTL_ENABLE_DEBUG_INFO = NO;
				SDKROOT = iphoneos;
				SWIFT_OPTIMIZATION_LEVEL = "-Owholemodule";
				TARGETED_DEVICE_FAMILY = "1,2";
				VALIDATE_PRODUCT = YES;
			};
			name = Release;
		};
		A00E59ED1EADF71B0033BC9C /* Debug */ = {
			isa = XCBuildConfiguration;
			buildSettings = {
				ASSETCATALOG_COMPILER_APPICON_NAME = AppIcon;
				INFOPLIST_FILE = XianYuTabBar_Swift/Info.plist;
				LD_RUNPATH_SEARCH_PATHS = "$(inherited) @executable_path/Frameworks";
				PRODUCT_BUNDLE_IDENTIFIER = "yirendai.XianYuTabBar-Swift";
				PRODUCT_NAME = "$(TARGET_NAME)";
				SWIFT_VERSION = 3.0;
			};
			name = Debug;
		};
		A00E59EE1EADF71B0033BC9C /* Release */ = {
			isa = XCBuildConfiguration;
			buildSettings = {
				ASSETCATALOG_COMPILER_APPICON_NAME = AppIcon;
				INFOPLIST_FILE = XianYuTabBar_Swift/Info.plist;
				LD_RUNPATH_SEARCH_PATHS = "$(inherited) @executable_path/Frameworks";
				PRODUCT_BUNDLE_IDENTIFIER = "yirendai.XianYuTabBar-Swift";
				PRODUCT_NAME = "$(TARGET_NAME)";
				SWIFT_VERSION = 3.0;
			};
			name = Release;
		};
		A00E59F01EADF71B0033BC9C /* Debug */ = {
			isa = XCBuildConfiguration;
			buildSettings = {
				ALWAYS_EMBED_SWIFT_STANDARD_LIBRARIES = YES;
				BUNDLE_LOADER = "$(TEST_HOST)";
				INFOPLIST_FILE = XianYuTabBar_SwiftTests/Info.plist;
				LD_RUNPATH_SEARCH_PATHS = "$(inherited) @executable_path/Frameworks @loader_path/Frameworks";
				PRODUCT_BUNDLE_IDENTIFIER = "yirendai.XianYuTabBar-SwiftTests";
				PRODUCT_NAME = "$(TARGET_NAME)";
				SWIFT_VERSION = 3.0;
				TEST_HOST = "$(BUILT_PRODUCTS_DIR)/XianYuTabBar_Swift.app/XianYuTabBar_Swift";
			};
			name = Debug;
		};
		A00E59F11EADF71B0033BC9C /* Release */ = {
			isa = XCBuildConfiguration;
			buildSettings = {
				ALWAYS_EMBED_SWIFT_STANDARD_LIBRARIES = YES;
				BUNDLE_LOADER = "$(TEST_HOST)";
				INFOPLIST_FILE = XianYuTabBar_SwiftTests/Info.plist;
				LD_RUNPATH_SEARCH_PATHS = "$(inherited) @executable_path/Frameworks @loader_path/Frameworks";
				PRODUCT_BUNDLE_IDENTIFIER = "yirendai.XianYuTabBar-SwiftTests";
				PRODUCT_NAME = "$(TARGET_NAME)";
				SWIFT_VERSION = 3.0;
				TEST_HOST = "$(BUILT_PRODUCTS_DIR)/XianYuTabBar_Swift.app/XianYuTabBar_Swift";
			};
			name = Release;
		};
		A00E59F31EADF71B0033BC9C /* Debug */ = {
			isa = XCBuildConfiguration;
			buildSettings = {
				ALWAYS_EMBED_SWIFT_STANDARD_LIBRARIES = YES;
				INFOPLIST_FILE = XianYuTabBar_SwiftUITests/Info.plist;
				LD_RUNPATH_SEARCH_PATHS = "$(inherited) @executable_path/Frameworks @loader_path/Frameworks";
				PRODUCT_BUNDLE_IDENTIFIER = "yirendai.XianYuTabBar-SwiftUITests";
				PRODUCT_NAME = "$(TARGET_NAME)";
				SWIFT_VERSION = 3.0;
				TEST_TARGET_NAME = XianYuTabBar_Swift;
			};
			name = Debug;
		};
		A00E59F41EADF71B0033BC9C /* Release */ = {
			isa = XCBuildConfiguration;
			buildSettings = {
				ALWAYS_EMBED_SWIFT_STANDARD_LIBRARIES = YES;
				INFOPLIST_FILE = XianYuTabBar_SwiftUITests/Info.plist;
				LD_RUNPATH_SEARCH_PATHS = "$(inherited) @executable_path/Frameworks @loader_path/Frameworks";
				PRODUCT_BUNDLE_IDENTIFIER = "yirendai.XianYuTabBar-SwiftUITests";
				PRODUCT_NAME = "$(TARGET_NAME)";
				SWIFT_VERSION = 3.0;
				TEST_TARGET_NAME = XianYuTabBar_Swift;
			};
			name = Release;
		};
/* End XCBuildConfiguration section */

/* Begin XCConfigurationList section */
		A00E59BF1EADF71B0033BC9C /* Build configuration list for PBXProject "XianYuTabBar_Swift" */ = {
			isa = XCConfigurationList;
			buildConfigurations = (
				A00E59EA1EADF71B0033BC9C /* Debug */,
				A00E59EB1EADF71B0033BC9C /* Release */,
			);
			defaultConfigurationIsVisible = 0;
			defaultConfigurationName = Release;
		};
		A00E59EC1EADF71B0033BC9C /* Build configuration list for PBXNativeTarget "XianYuTabBar_Swift" */ = {
			isa = XCConfigurationList;
			buildConfigurations = (
				A00E59ED1EADF71B0033BC9C /* Debug */,
				A00E59EE1EADF71B0033BC9C /* Release */,
			);
			defaultConfigurationIsVisible = 0;
		};
		A00E59EF1EADF71B0033BC9C /* Build configuration list for PBXNativeTarget "XianYuTabBar_SwiftTests" */ = {
			isa = XCConfigurationList;
			buildConfigurations = (
				A00E59F01EADF71B0033BC9C /* Debug */,
				A00E59F11EADF71B0033BC9C /* Release */,
			);
			defaultConfigurationIsVisible = 0;
		};
		A00E59F21EADF71B0033BC9C /* Build configuration list for PBXNativeTarget "XianYuTabBar_SwiftUITests" */ = {
			isa = XCConfigurationList;
			buildConfigurations = (
				A00E59F31EADF71B0033BC9C /* Debug */,
				A00E59F41EADF71B0033BC9C /* Release */,
			);
			defaultConfigurationIsVisible = 0;
		};
/* End XCConfigurationList section */
	};
	rootObject = A00E59BC1EADF71B0033BC9C /* Project object */;
}
